// !$*UTF8*$!
{
	archiveVersion = 1;
	classes = {
	};
	objectVersion = 77;
	objects = {

/* Begin PBXContainerItemProxy section */
		1518EEE42F6DF62900CFB133 /* PBXContainerItemProxy */ = {
			isa = PBXContainerItemProxy;
			containerPortal = 1518EECE2F6DF62700CFB133 /* Project object */;
			proxyType = 1;
			remoteGlobalIDString = 1518EED52F6DF62700CFB133;
			remoteInfo = "Rick and Morty Rick and Morty Characters";
		};
		1518EEEE2F6DF62900CFB133 /* PBXContainerItemProxy */ = {
			isa = PBXContainerItemProxy;
			containerPortal = 1518EECE2F6DF62700CFB133 /* Project object */;
			proxyType = 1;
			remoteGlobalIDString = 1518EED52F6DF62700CFB133;
			remoteInfo = "Rick and Morty Rick and Morty Characters";
		};
/* End PBXContainerItemProxy section */

/* Begin PBXFileReference section */
		1518EED62F6DF62700CFB133 /* Rick and Morty Rick and Morty Characters.app */ = {isa = PBXFileReference; explicitFileType = wrapper.application; includeInIndex = 0; path = "Rick and Morty Rick and Morty Characters.app"; sourceTree = BUILT_PRODUCTS_DIR; };
		1518EEE32F6DF62900CFB133 /* Rick and Morty Rick and Morty CharactersTests.xctest */ = {isa = PBXFileReference; explicitFileType = wrapper.cfbundle; includeInIndex = 0; path = "Rick and Morty Rick and Morty CharactersTests.xctest"; sourceTree = BUILT_PRODUCTS_DIR; };
		1518EEED2F6DF62900CFB133 /* Rick and Morty Rick and Morty CharactersUITests.xctest */ = {isa = PBXFileReference; explicitFileType = wrapper.cfbundle; includeInIndex = 0; path = "Rick and Morty Rick and Morty CharactersUITests.xctest"; sourceTree = BUILT_PRODUCTS_DIR; };
/* End PBXFileReference section */

/* Begin PBXFileSystemSynchronizedRootGroup section */
		1518EED82F6DF62700CFB133 /* Rick and Morty Rick and Morty Characters */ = {
			isa = PBXFileSystemSynchronizedRootGroup;
			path = "Rick and Morty Rick and Morty Characters";
			sourceTree = "<group>";
		};
		1518EEE62F6DF62900CFB133 /* Rick and Morty Rick and Morty CharactersTests */ = {
			isa = PBXFileSystemSynchronizedRootGroup;
			path = "Rick and Morty Rick and Morty CharactersTests";
			sourceTree = "<group>";
		};
		1518EEF02F6DF62900CFB133 /* Rick and Morty Rick and Morty CharactersUITests */ = {
			isa = PBXFileSystemSynchronizedRootGroup;
			path = "Rick and Morty Rick and Morty CharactersUITests";
			sourceTree = "<group>";
		};
/* End PBXFileSystemSynchronizedRootGroup section */

/* Begin PBXFrameworksBuildPhase section */
		1518EED32F6DF62700CFB133 /* Frameworks */ = {
			isa = PBXFrameworksBuildPhase;
			buildActionMask = 2147483647;
			files = (
			);
			runOnlyForDeploymentPostprocessing = 0;
		};
		1518EEE02F6DF62900CFB133 /* Frameworks */ = {
			isa = PBXFrameworksBuildPhase;
			buildActionMask = 2147483647;
			files = (
			);
			runOnlyForDeploymentPostprocessing = 0;
		};
		1518EEEA2F6DF62900CFB133 /* Frameworks */ = {
			isa = PBXFrameworksBuildPhase;
			buildActionMask = 2147483647;
			files = (
			);
			runOnlyForDeploymentPostprocessing = 0;
		};
/* End PBXFrameworksBuildPhase section */

/* Begin PBXGroup section */
		1518EECD2F6DF62700CFB133 = {
			isa = PBXGroup;
			children = (
				1518EED82F6DF62700CFB133 /* Rick and Morty Rick and Morty Characters */,
				1518EEE62F6DF62900CFB133 /* Rick and Morty Rick and Morty CharactersTests */,
				1518EEF02F6DF62900CFB133 /* Rick and Morty Rick and Morty CharactersUITests */,
				1518EED72F6DF62700CFB133 /* Products */,
			);
			sourceTree = "<group>";
		};
		1518EED72F6DF62700CFB133 /* Products */ = {
			isa = PBXGroup;
			children = (
				1518EED62F6DF62700CFB133 /* Rick and Morty Rick and Morty Characters.app */,
				1518EEE32F6DF62900CFB133 /* Rick and Morty Rick and Morty CharactersTests.xctest */,
				1518EEED2F6DF62900CFB133 /* Rick and Morty Rick and Morty CharactersUITests.xctest */,
			);
			name = Products;
			sourceTree = "<group>";
		};
/* End PBXGroup section */

/* Begin PBXNativeTarget section */
		1518EED52F6DF62700CFB133 /* Rick and Morty Rick and Morty Characters */ = {
			isa = PBXNativeTarget;
			buildConfigurationList = 1518EEF72F6DF62900CFB133 /* Build configuration list for PBXNativeTarget "Rick and Morty Rick and Morty Characters" */;
			buildPhases = (
				1518EED22F6DF62700CFB133 /* Sources */,
				1518EED32F6DF62700CFB133 /* Frameworks */,
				1518EED42F6DF62700CFB133 /* Resources */,
			);
			buildRules = (
			);
			dependencies = (
			);
			fileSystemSynchronizedGroups = (
				1518EED82F6DF62700CFB133 /* Rick and Morty Rick and Morty Characters */,
			);
			name = "Rick and Morty Rick and Morty Characters";
			packageProductDependencies = (
			);
			productName = "Rick and Morty Rick and Morty Characters";
			productReference = 1518EED62F6DF62700CFB133 /* Rick and Morty Rick and Morty Characters.app */;
			productType = "com.apple.product-type.application";
		};
		1518EEE22F6DF62900CFB133 /* Rick and Morty Rick and Morty CharactersTests */ = {
			isa = PBXNativeTarget;
			buildConfigurationList = 1518EEFA2F6DF62900CFB133 /* Build configuration list for PBXNativeTarget "Rick and Morty Rick and Morty CharactersTests" */;
			buildPhases = (
				1518EEDF2F6DF62900CFB133 /* Sources */,
				1518EEE02F6DF62900CFB133 /* Frameworks */,
				1518EEE12F6DF62900CFB133 /* Resources */,
			);
			buildRules = (
			);
			dependencies = (
				1518EEE52F6DF62900CFB133 /* PBXTargetDependency */,
			);
			fileSystemSynchronizedGroups = (
				1518EEE62F6DF62900CFB133 /* Rick and Morty Rick and Morty CharactersTests */,
			);
			name = "Rick and Morty Rick and Morty CharactersTests";
			packageProductDependencies = (
			);
			productName = "Rick and Morty Rick and Morty CharactersTests";
			productReference = 1518EEE32F6DF62900CFB133 /* Rick and Morty Rick and Morty CharactersTests.xctest */;
			productType = "com.apple.product-type.bundle.unit-test";
		};
		1518EEEC2F6DF62900CFB133 /* Rick and Morty Rick and Morty CharactersUITests */ = {
			isa = PBXNativeTarget;
			buildConfigurationList = 1518EEFD2F6DF62900CFB133 /* Build configuration list for PBXNativeTarget "Rick and Morty Rick and Morty CharactersUITests" */;
			buildPhases = (
				1518EEE92F6DF62900CFB133 /* Sources */,
				1518EEEA2F6DF62900CFB133 /* Frameworks */,
				1518EEEB2F6DF62900CFB133 /* Resources */,
			);
			buildRules = (
			);
			dependencies = (
				1518EEEF2F6DF62900CFB133 /* PBXTargetDependency */,
			);
			fileSystemSynchronizedGroups = (
				1518EEF02F6DF62900CFB133 /* Rick and Morty Rick and Morty CharactersUITests */,
			);
			name = "Rick and Morty Rick and Morty CharactersUITests";
			packageProductDependencies = (
			);
			productName = "Rick and Morty Rick and Morty CharactersUITests";
			productReference = 1518EEED2F6DF62900CFB133 /* Rick and Morty Rick and Morty CharactersUITests.xctest */;
			productType = "com.apple.product-type.bundle.ui-testing";
		};
/* End PBXNativeTarget section */

/* Begin PBXProject section */
		1518EECE2F6DF62700CFB133 /* Project object */ = {
			isa = PBXProject;
			attributes = {
				BuildIndependentTargetsInParallel = 1;
				LastSwiftUpdateCheck = 2600;
				LastUpgradeCheck = 2600;
				TargetAttributes = {
					1518EED52F6DF62700CFB133 = {
						CreatedOnToolsVersion = 26.0.1;
					};
					1518EEE22F6DF62900CFB133 = {
						CreatedOnToolsVersion = 26.0.1;
						TestTargetID = 1518EED52F6DF62700CFB133;
					};
					1518EEEC2F6DF62900CFB133 = {
						CreatedOnToolsVersion = 26.0.1;
						TestTargetID = 1518EED52F6DF62700CFB133;
					};
				};
			};
			buildConfigurationList = 1518EED12F6DF62700CFB133 /* Build configuration list for PBXProject "Rick and Morty Rick and Morty Characters" */;
			developmentRegion = en;
			hasScannedForEncodings = 0;
			knownRegions = (
				en,
				Base,
			);
			mainGroup = 1518EECD2F6DF62700CFB133;
			minimizedProjectReferenceProxies = 1;
			preferredProjectObjectVersion = 77;
			productRefGroup = 1518EED72F6DF62700CFB133 /* Products */;
			projectDirPath = "";
			projectRoot = "";
			targets = (
				1518EED52F6DF62700CFB133 /* Rick and Morty Rick and Morty Characters */,
				1518EEE22F6DF62900CFB133 /* Rick and Morty Rick and Morty CharactersTests */,
				1518EEEC2F6DF62900CFB133 /* Rick and Morty Rick and Morty CharactersUITests */,
			);
		};
/* End PBXProject section */

/* Begin PBXResourcesBuildPhase section */
		1518EED42F6DF62700CFB133 /* Resources */ = {
			isa = PBXResourcesBuildPhase;
			buildActionMask = 2147483647;
			files = (
			);
			runOnlyForDeploymentPostprocessing = 0;
		};
		1518EEE12F6DF62900CFB133 /* Resources */ = {
			isa = PBXResourcesBuildPhase;
			buildActionMask = 2147483647;
			files = (
			);
			runOnlyForDeploymentPostprocessing = 0;
		};
		1518EEEB2F6DF62900CFB133 /* Resources */ = {
			isa = PBXResourcesBuildPhase;
			buildActionMask = 2147483647;
			files = (
			);
			runOnlyForDeploymentPostprocessing = 0;
		};
/* End PBXResourcesBuildPhase section */

/* Begin PBXSourcesBuildPhase section */
		1518EED22F6DF62700CFB133 /* Sources */ = {
			isa = PBXSourcesBuildPhase;
			buildActionMask = 2147483647;
			files = (
			);
			runOnlyForDeploymentPostprocessing = 0;
		};
		1518EEDF2F6DF62900CFB133 /* Sources */ = {
			isa = PBXSourcesBuildPhase;
			buildActionMask = 2147483647;
			files = (
			);
			runOnlyForDeploymentPostprocessing = 0;
		};
		1518EEE92F6DF62900CFB133 /* Sources */ = {
			isa = PBXSourcesBuildPhase;
			buildActionMask = 2147483647;
			files = (
			);
			runOnlyForDeploymentPostprocessing = 0;
		};
/* End PBXSourcesBuildPhase section */

/* Begin PBXTargetDependency section */
		1518EEE52F6DF62900CFB133 /* PBXTargetDependency */ = {
			isa = PBXTargetDependency;
			target = 1518EED52F6DF62700CFB133 /* Rick and Morty Rick and Morty Characters */;
			targetProxy = 1518EEE42F6DF62900CFB133 /* PBXContainerItemProxy */;
		};
		1518EEEF2F6DF62900CFB133 /* PBXTargetDependency */ = {
			isa = PBXTargetDependency;
			target = 1518EED52F6DF62700CFB133 /* Rick and Morty Rick and Morty Characters */;
			targetProxy = 1518EEEE2F6DF62900CFB133 /* PBXContainerItemProxy */;
		};
/* End PBXTargetDependency section */

/* Begin XCBuildConfiguration section */
		1518EEF52F6DF62900CFB133 /* Debug */ = {
			isa = XCBuildConfiguration;
			buildSettings = {
				ALWAYS_SEARCH_USER_PATHS = NO;
				ASSETCATALOG_COMPILER_GENERATE_SWIFT_ASSET_SYMBOL_EXTENSIONS = YES;
				CLANG_ANALYZER_NONNULL = YES;
				CLANG_ANALYZER_NUMBER_OBJECT_CONVERSION = YES_AGGRESSIVE;
				CLANG_CXX_LANGUAGE_STANDARD = "gnu++20";
				CLANG_ENABLE_MODULES = YES;
				CLANG_ENABLE_OBJC_ARC = YES;
				CLANG_ENABLE_OBJC_WEAK = YES;
				CLANG_WARN_BLOCK_CAPTURE_AUTORELEASING = YES;
				CLANG_WARN_BOOL_CONVERSION = YES;
				CLANG_WARN_COMMA = YES;
				CLANG_WARN_CONSTANT_CONVERSION = YES;
				CLANG_WARN_DEPRECATED_OBJC_IMPLEMENTATIONS = YES;
				CLANG_WARN_DIRECT_OBJC_ISA_USAGE = YES_ERROR;
				CLANG_WARN_DOCUMENTATION_COMMENTS = YES;
				CLANG_WARN_EMPTY_BODY = YES;
				CLANG_WARN_ENUM_CONVERSION = YES;
				CLANG_WARN_INFINITE_RECURSION = YES;
				CLANG_WARN_INT_CONVERSION = YES;
				CLANG_WARN_NON_LITERAL_NULL_CONVERSION = YES;
				CLANG_WARN_OBJC_IMPLICIT_RETAIN_SELF = YES;
				CLANG_WARN_OBJC_LITERAL_CONVERSION = YES;
				CLANG_WARN_OBJC_ROOT_CLASS = YES_ERROR;
				CLANG_WARN_QUOTED_INCLUDE_IN_FRAMEWORK_HEADER = YES;
				CLANG_WARN_RANGE_LOOP_ANALYSIS = YES;
				CLANG_WARN_STRICT_PROTOTYPES = YES;
				CLANG_WARN_SUSPICIOUS_MOVE = YES;
				CLANG_WARN_UNGUARDED_AVAILABILITY = YES_AGGRESSIVE;
				CLANG_WARN_UNREACHABLE_CODE = YES;
				CLANG_WARN__DUPLICATE_METHOD_MATCH = YES;
				COPY_PHASE_STRIP = NO;
				DEBUG_INFORMATION_FORMAT = dwarf;
				ENABLE_STRICT_OBJC_MSGSEND = YES;
				ENABLE_TESTABILITY = YES;
				ENABLE_USER_SCRIPT_SANDBOXING = YES;
				GCC_C_LANGUAGE_STANDARD = gnu17;
				GCC_DYNAMIC_NO_PIC = NO;
				GCC_NO_COMMON_BLOCKS = YES;
				GCC_OPTIMIZATION_LEVEL = 0;
				GCC_PREPROCESSOR_DEFINITIONS = (
					"DEBUG=1",
					"$(inherited)",
				);
				GCC_WARN_64_TO_32_BIT_CONVERSION = YES;
				GCC_WARN_ABOUT_RETURN_TYPE = YES_ERROR;
				GCC_WARN_UNDECLARED_SELECTOR = YES;
				GCC_WARN_UNINITIALIZED_AUTOS = YES_AGGRESSIVE;
				GCC_WARN_UNUSED_FUNCTION = YES;
				GCC_WARN_UNUSED_VARIABLE = YES;
				IPHONEOS_DEPLOYMENT_TARGET = 26.0;
				LOCALIZATION_PREFERS_STRING_CATALOGS = YES;
				MTL_ENABLE_DEBUG_INFO = INCLUDE_SOURCE;
				MTL_FAST_MATH = YES;
				ONLY_ACTIVE_ARCH = YES;
				SDKROOT = iphoneos;
				SWIFT_ACTIVE_COMPILATION_CONDITIONS = "DEBUG $(inherited)";
				SWIFT_OPTIMIZATION_LEVEL = "-Onone";
			};
			name = Debug;
		};
		1518EEF62F6DF62900CFB133 /* Release */ = {
			isa = XCBuildConfiguration;
			buildSettings = {
				ALWAYS_SEARCH_USER_PATHS = NO;
				ASSETCATALOG_COMPILER_GENERATE_SWIFT_ASSET_SYMBOL_EXTENSIONS = YES;
				CLANG_ANALYZER_NONNULL = YES;
				CLANG_ANALYZER_NUMBER_OBJECT_CONVERSION = YES_AGGRESSIVE;
				CLANG_CXX_LANGUAGE_STANDARD = "gnu++20";
				CLANG_ENABLE_MODULES = YES;
				CLANG_ENABLE_OBJC_ARC = YES;
				CLANG_ENABLE_OBJC_WEAK = YES;
				CLANG_WARN_BLOCK_CAPTURE_AUTORELEASING = YES;
				CLANG_WARN_BOOL_CONVERSION = YES;
				CLANG_WARN_COMMA = YES;
				CLANG_WARN_CONSTANT_CONVERSION = YES;
				CLANG_WARN_DEPRECATED_OBJC_IMPLEMENTATIONS = YES;
				CLANG_WARN_DIRECT_OBJC_ISA_USAGE = YES_ERROR;
				CLANG_WARN_DOCUMENTATION_COMMENTS = YES;
				CLANG_WARN_EMPTY_BODY = YES;
				CLANG_WARN_ENUM_CONVERSION = YES;
				CLANG_WARN_INFINITE_RECURSION = YES;
				CLANG_WARN_INT_CONVERSION = YES;
				CLANG_WARN_NON_LITERAL_NULL_CONVERSION = YES;
				CLANG_WARN_OBJC_IMPLICIT_RETAIN_SELF = YES;
				CLANG_WARN_OBJC_LITERAL_CONVERSION = YES;
				CLANG_WARN_OBJC_ROOT_CLASS = YES_ERROR;
				CLANG_WARN_QUOTED_INCLUDE_IN_FRAMEWORK_HEADER = YES;
				CLANG_WARN_RANGE_LOOP_ANALYSIS = YES;
				CLANG_WARN_STRICT_PROTOTYPES = YES;
				CLANG_WARN_SUSPICIOUS_MOVE = YES;
				CLANG_WARN_UNGUARDED_AVAILABILITY = YES_AGGRESSIVE;
				CLANG_WARN_UNREACHABLE_CODE = YES;
				CLANG_WARN__DUPLICATE_METHOD_MATCH = YES;
				COPY_PHASE_STRIP = NO;
				DEBUG_INFORMATION_FORMAT = "dwarf-with-dsym";
				ENABLE_NS_ASSERTIONS = NO;
				ENABLE_STRICT_OBJC_MSGSEND = YES;
				ENABLE_USER_SCRIPT_SANDBOXING = YES;
				GCC_C_LANGUAGE_STANDARD = gnu17;
				GCC_NO_COMMON_BLOCKS = YES;
				GCC_WARN_64_TO_32_BIT_CONVERSION = YES;
				GCC_WARN_ABOUT_RETURN_TYPE = YES_ERROR;
				GCC_WARN_UNDECLARED_SELECTOR = YES;
				GCC_WARN_UNINITIALIZED_AUTOS = YES_AGGRESSIVE;
				GCC_WARN_UNUSED_FUNCTION = YES;
				GCC_WARN_UNUSED_VARIABLE = YES;
				IPHONEOS_DEPLOYMENT_TARGET = 26.0;
				LOCALIZATION_PREFERS_STRING_CATALOGS = YES;
				MTL_ENABLE_DEBUG_INFO = NO;
				MTL_FAST_MATH = YES;
				SDKROOT = iphoneos;
				SWIFT_COMPILATION_MODE = wholemodule;
				VALIDATE_PRODUCT = YES;
			};
			name = Release;
		};
		1518EEF82F6DF62900CFB133 /* Debug */ = {
			isa = XCBuildConfiguration;
			buildSettings = {
				ASSETCATALOG_COMPILER_APPICON_NAME = AppIcon;
				ASSETCATALOG_COMPILER_GLOBAL_ACCENT_COLOR_NAME = AccentColor;
				CODE_SIGN_STYLE = Automatic;
				CURRENT_PROJECT_VERSION = 1;
				ENABLE_PREVIEWS = YES;
				GENERATE_INFOPLIST_FILE = YES;
				INFOPLIST_KEY_UIApplicationSceneManifest_Generation = YES;
				INFOPLIST_KEY_UIApplicationSupportsIndirectInputEvents = YES;
				INFOPLIST_KEY_UILaunchScreen_Generation = YES;
				INFOPLIST_KEY_UISupportedInterfaceOrientations_iPad = "UIInterfaceOrientationPortrait UIInterfaceOrientationPortraitUpsideDown UIInterfaceOrientationLandscapeLeft UIInterfaceOrientationLandscapeRight";
				INFOPLIST_KEY_UISupportedInterfaceOrientations_iPhone = "UIInterfaceOrientationPortrait UIInterfaceOrientationLandscapeLeft UIInterfaceOrientationLandscapeRight";
				LD_RUNPATH_SEARCH_PATHS = (
					"$(inherited)",
					"@executable_path/Frameworks",
				);
				MARKETING_VERSION = 1.0;
				PRODUCT_BUNDLE_IDENTIFIER = "eaibruno.com.br.Rick-and-Morty-Rick-and-Morty-Characters";
				PRODUCT_NAME = "$(TARGET_NAME)";
				STRING_CATALOG_GENERATE_SYMBOLS = YES;
				SWIFT_APPROACHABLE_CONCURRENCY = YES;
				SWIFT_DEFAULT_ACTOR_ISOLATION = MainActor;
				SWIFT_EMIT_LOC_STRINGS = YES;
				SWIFT_UPCOMING_FEATURE_MEMBER_IMPORT_VISIBILITY = YES;
				SWIFT_VERSION = 5.0;
				TARGETED_DEVICE_FAMILY = "1,2";
			};
			name = Debug;
		};
		1518EEF92F6DF62900CFB133 /* Release */ = {
			isa = XCBuildConfiguration;
			buildSettings = {
				ASSETCATALOG_COMPILER_APPICON_NAME = AppIcon;
				ASSETCATALOG_COMPILER_GLOBAL_ACCENT_COLOR_NAME = AccentColor;
				CODE_SIGN_STYLE = Automatic;
				CURRENT_PROJECT_VERSION = 1;
				ENABLE_PREVIEWS = YES;
				GENERATE_INFOPLIST_FILE = YES;
				INFOPLIST_KEY_UIApplicationSceneManifest_Generation = YES;
				INFOPLIST_KEY_UIApplicationSupportsIndirectInputEvents = YES;
				INFOPLIST_KEY_UILaunchScreen_Generation = YES;
				INFOPLIST_KEY_UISupportedInterfaceOrientations_iPad = "UIInterfaceOrientationPortrait UIInterfaceOrientationPortraitUpsideDown UIInterfaceOrientationLandscapeLeft UIInterfaceOrientationLandscapeRight";
				INFOPLIST_KEY_UISupportedInterfaceOrientations_iPhone = "UIInterfaceOrientationPortrait UIInterfaceOrientationLandscapeLeft UIInterfaceOrientationLandscapeRight";
				LD_RUNPATH_SEARCH_PATHS = (
					"$(inherited)",
					"@executable_path/Frameworks",
				);
				MARKETING_VERSION = 1.0;
				PRODUCT_BUNDLE_IDENTIFIER = "eaibruno.com.br.Rick-and-Morty-Rick-and-Morty-Characters";
				PRODUCT_NAME = "$(TARGET_NAME)";
				STRING_CATALOG_GENERATE_SYMBOLS = YES;
				SWIFT_APPROACHABLE_CONCURRENCY = YES;
				SWIFT_DEFAULT_ACTOR_ISOLATION = MainActor;
				SWIFT_EMIT_LOC_STRINGS = YES;
				SWIFT_UPCOMING_FEATURE_MEMBER_IMPORT_VISIBILITY = YES;
				SWIFT_VERSION = 5.0;
				TARGETED_DEVICE_FAMILY = "1,2";
			};
			name = Release;
		};
		1518EEFB2F6DF62900CFB133 /* Debug */ = {
			isa = XCBuildConfiguration;
			buildSettings = {
				BUNDLE_LOADER = "$(TEST_HOST)";
				CODE_SIGN_STYLE = Automatic;
				CURRENT_PROJECT_VERSION = 1;
				GENERATE_INFOPLIST_FILE = YES;
				IPHONEOS_DEPLOYMENT_TARGET = 26.0;
				MARKETING_VERSION = 1.0;
				PRODUCT_BUNDLE_IDENTIFIER = "eaibruno.com.br.Rick-and-Morty-Rick-and-Morty-CharactersTests";
				PRODUCT_NAME = "$(TARGET_NAME)";
				STRING_CATALOG_GENERATE_SYMBOLS = NO;
				SWIFT_APPROACHABLE_CONCURRENCY = YES;
				SWIFT_EMIT_LOC_STRINGS = NO;
				SWIFT_UPCOMING_FEATURE_MEMBER_IMPORT_VISIBILITY = YES;
				SWIFT_VERSION = 5.0;
				TARGETED_DEVICE_FAMILY = "1,2";
				TEST_HOST = "$(BUILT_PRODUCTS_DIR)/Rick and Morty Rick and Morty Characters.app/$(BUNDLE_EXECUTABLE_FOLDER_PATH)/Rick and Morty Rick and Morty Characters";
			};
			name = Debug;
		};
		1518EEFC2F6DF62900CFB133 /* Release */ = {
			isa = XCBuildConfiguration;
			buildSettings = {
				BUNDLE_LOADER = "$(TEST_HOST)";
				CODE_SIGN_STYLE = Automatic;
				CURRENT_PROJECT_VERSION = 1;
				GENERATE_INFOPLIST_FILE = YES;
				IPHONEOS_DEPLOYMENT_TARGET = 26.0;
				MARKETING_VERSION = 1.0;
				PRODUCT_BUNDLE_IDENTIFIER = "eaibruno.com.br.Rick-and-Morty-Rick-and-Morty-CharactersTests";
				PRODUCT_NAME = "$(TARGET_NAME)";
				STRING_CATALOG_GENERATE_SYMBOLS = NO;
				SWIFT_APPROACHABLE_CONCURRENCY = YES;
				SWIFT_EMIT_LOC_STRINGS = NO;
				SWIFT_UPCOMING_FEATURE_MEMBER_IMPORT_VISIBILITY = YES;
				SWIFT_VERSION = 5.0;
				TARGETED_DEVICE_FAMILY = "1,2";
				TEST_HOST = "$(BUILT_PRODUCTS_DIR)/Rick and Morty Rick and Morty Characters.app/$(BUNDLE_EXECUTABLE_FOLDER_PATH)/Rick and Morty Rick and Morty Characters";
			};
			name = Release;
		};
		1518EEFE2F6DF62900CFB133 /* Debug */ = {
			isa = XCBuildConfiguration;
			buildSettings = {
				CODE_SIGN_STYLE = Automatic;
				CURRENT_PROJECT_VERSION = 1;
				GENERATE_INFOPLIST_FILE = YES;
				MARKETING_VERSION = 1.0;
				PRODUCT_BUNDLE_IDENTIFIER = "eaibruno.com.br.Rick-and-Morty-Rick-and-Morty-CharactersUITests";
				PRODUCT_NAME = "$(TARGET_NAME)";
				STRING_CATALOG_GENERATE_SYMBOLS = NO;
				SWIFT_APPROACHABLE_CONCURRENCY = YES;
				SWIFT_EMIT_LOC_STRINGS = NO;
				SWIFT_UPCOMING_FEATURE_MEMBER_IMPORT_VISIBILITY = YES;
				SWIFT_VERSION = 5.0;
				TARGETED_DEVICE_FAMILY = "1,2";
				TEST_TARGET_NAME = "Rick and Morty Rick and Morty Characters";
			};
			name = Debug;
		};
		1518EEFF2F6DF62900CFB133 /* Release */ = {
			isa = XCBuildConfiguration;
			buildSettings = {
				CODE_SIGN_STYLE = Automatic;
				CURRENT_PROJECT_VERSION = 1;
				GENERATE_INFOPLIST_FILE = YES;
				MARKETING_VERSION = 1.0;
				PRODUCT_BUNDLE_IDENTIFIER = "eaibruno.com.br.Rick-and-Morty-Rick-and-Morty-CharactersUITests";
				PRODUCT_NAME = "$(TARGET_NAME)";
				STRING_CATALOG_GENERATE_SYMBOLS = NO;
				SWIFT_APPROACHABLE_CONCURRENCY = YES;
				SWIFT_EMIT_LOC_STRINGS = NO;
				SWIFT_UPCOMING_FEATURE_MEMBER_IMPORT_VISIBILITY = YES;
				SWIFT_VERSION = 5.0;
				TARGETED_DEVICE_FAMILY = "1,2";
				TEST_TARGET_NAME = "Rick and Morty Rick and Morty Characters";
			};
			name = Release;
		};
/* End XCBuildConfiguration section */

/* Begin XCConfigurationList section */
		1518EED12F6DF62700CFB133 /* Build configuration list for PBXProject "Rick and Morty Rick and Morty Characters" */ = {
			isa = XCConfigurationList;
			buildConfigurations = (
				1518EEF52F6DF62900CFB133 /* Debug */,
				1518EEF62F6DF62900CFB133 /* Release */,
			);
			defaultConfigurationIsVisible = 0;
			defaultConfigurationName = Release;
		};
		1518EEF72F6DF62900CFB133 /* Build configuration list for PBXNativeTarget "Rick and Morty Rick and Morty Characters" */ = {
			isa = XCConfigurationList;
			buildConfigurations = (
				1518EEF82F6DF62900CFB133 /* Debug */,
				1518EEF92F6DF62900CFB133 /* Release */,
			);
			defaultConfigurationIsVisible = 0;
			defaultConfigurationName = Release;
		};
		1518EEFA2F6DF62900CFB133 /* Build configuration list for PBXNativeTarget "Rick and Morty Rick and Morty CharactersTests" */ = {
			isa = XCConfigurationList;
			buildConfigurations = (
				1518EEFB2F6DF62900CFB133 /* Debug */,
				1518EEFC2F6DF62900CFB133 /* Release */,
			);
			defaultConfigurationIsVisible = 0;
			defaultConfigurationName = Release;
		};
		1518EEFD2F6DF62900CFB133 /* Build configuration list for PBXNativeTarget "Rick and Morty Rick and Morty CharactersUITests" */ = {
			isa = XCConfigurationList;
			buildConfigurations = (
				1518EEFE2F6DF62900CFB133 /* Debug */,
				1518EEFF2F6DF62900CFB133 /* Release */,
			);
			defaultConfigurationIsVisible = 0;
			defaultConfigurationName = Release;
		};
/* End XCConfigurationList section */
	};
	rootObject = 1518EECE2F6DF62700CFB133 /* Project object */;
}
